
Microsoft Visual Studio Solution File, Format Version 12.00
# Visual Studio Version 16
VisualStudioVersion = 16.0.29326.143
MinimumVisualStudioVersion = 10.0.40219.1
Project("{8BC9CEB8-8B4A-11D0-8D11-00A0C91BC942}") = "BCA611 Homework1-Soru3", "BCA611 Homework1-Soru3.vcxproj", "{26856450-6717-4E1F-B65F-F55BF9B24B4F}"
EndProject
Global
	GlobalSection(SolutionConfigurationPlatforms) = preSolution
		Debug|x64 = Debug|x64
		Debug|x86 = Debug|x86
		Release|x64 = Release|x64
		Release|x86 = Release|x86
	EndGlobalSection
	GlobalSection(ProjectConfigurationPlatforms) = postSolution
		{26856450-6717-4E1F-B65F-F55BF9B24B4F}.Debug|x64.ActiveCfg = Debug|x64
		{26856450-6717-4E1F-B65F-F55BF9B24B4F}.Debug|x64.Build.0 = Debug|x64
		{26856450-6717-4E1F-B65F-F55BF9B24B4F}.Debug|x86.ActiveCfg = Debug|Win32
		{26856450-6717-4E1F-B65F-F55BF9B24B4F}.Debug|x86.Build.0 = Debug|Win32
		{26856450-6717-4E1F-B65F-F55BF9B24B4F}.Release|x64.ActiveCfg = Release|x64
		{26856450-6717-4E1F-B65F-F55BF9B24B4F}.Release|x64.Build.0 = Release|x64
		{26856450-6717-4E1F-B65F-F55BF9B24B4F}.Release|x86.ActiveCfg = Release|Win32
		{26856450-6717-4E1F-B65F-F55BF9B24B4F}.Release|x86.Build.0 = Release|Win32
	EndGlobalSection
	GlobalSection(SolutionProperties) = preSolution
		HideSolutionNode = FALSE
	EndGlobalSection
	GlobalSection(ExtensibilityGlobals) = postSolution
		SolutionGuid = {F9E62209-A56E-4171-8DB3-6454CD403BB5}
	EndGlobalSection
EndGlobal
